// !$*UTF8*$!
{
	archiveVersion = 1;
	classes = {
	};
	objectVersion = 46;
	objects = {

/* Begin PBXBuildFile section */
		194FCA0715DBF57000AB6EEF /* Foundation.framework in Frameworks */ = {isa = PBXBuildFile; fileRef = 194FCA0615DBF57000AB6EEF /* Foundation.framework */; };
		194FCA0A15DBF57000AB6EEF /* main.cpp in Sources */ = {isa = PBXBuildFile; fileRef = 194FCA0915DBF57000AB6EEF /* main.cpp */; };
		194FCA0C15DBF57000AB6EEF /* ResourcePath.mm in Sources */ = {isa = PBXBuildFile; fileRef = 194FCA0B15DBF57000AB6EEF /* ResourcePath.mm */; };
		194FCA1015DBF57000AB6EEF /* sansation.ttf in Resources */ = {isa = PBXBuildFile; fileRef = 194FCA0F15DBF57000AB6EEF /* sansation.ttf */; };
		194FCA1215DBF57000AB6EEF /* cute_image.jpg in Resources */ = {isa = PBXBuildFile; fileRef = 194FCA1115DBF57000AB6EEF /* cute_image.jpg */; };
		194FCA1415DBF57000AB6EEF /* nice_music.ogg in Resources */ = {isa = PBXBuildFile; fileRef = 194FCA1315DBF57000AB6EEF /* nice_music.ogg */; };
		194FCA1915DBF57000AB6EEF /* InfoPlist.strings in Resources */ = {isa = PBXBuildFile; fileRef = 194FCA1715DBF57000AB6EEF /* InfoPlist.strings */; };
		194FCA2315DBF78D00AB6EEF /* SplashWindow.cpp in Sources */ = {isa = PBXBuildFile; fileRef = 194FCA2115DBF78D00AB6EEF /* SplashWindow.cpp */; };
		194FCA2515DBFB9000AB6EEF /* OpenGL.framework in Frameworks */ = {isa = PBXBuildFile; fileRef = 194FCA2415DBFB9000AB6EEF /* OpenGL.framework */; };
		194FCA2715DBFCF300AB6EEF /* splash.vertsh in Resources */ = {isa = PBXBuildFile; fileRef = 194FCA2615DBFCF300AB6EEF /* splash.vertsh */; };
		194FCA2915DBFD0C00AB6EEF /* splash.fragsh in Resources */ = {isa = PBXBuildFile; fileRef = 194FCA2815DBFD0C00AB6EEF /* splash.fragsh */; };
		195DAFC415DC9468009A9D2F /* particle.fragsh in Resources */ = {isa = PBXBuildFile; fileRef = 195DAFC315DC9468009A9D2F /* particle.fragsh */; };
		195DAFCB15DC98A7009A9D2F /* Particles.cpp in Sources */ = {isa = PBXBuildFile; fileRef = 195DAFC915DC98A7009A9D2F /* Particles.cpp */; };
		195DAFCE15DC9DB5009A9D2F /* RenderObject.cpp in Sources */ = {isa = PBXBuildFile; fileRef = 195DAFCC15DC9DB5009A9D2F /* RenderObject.cpp */; };
		195DAFD015DCA2BE009A9D2F /* particle.vertsh in Resources */ = {isa = PBXBuildFile; fileRef = 195DAFCF15DCA2BE009A9D2F /* particle.vertsh */; };
		195DAFD615DCA76B009A9D2F /* Droplet.png in Resources */ = {isa = PBXBuildFile; fileRef = 195DAFD515DCA76B009A9D2F /* Droplet.png */; };
		195DAFD715DCB17E009A9D2F /* Rectangle.cpp in Sources */ = {isa = PBXBuildFile; fileRef = 195DAFC515DC97F4009A9D2F /* Rectangle.cpp */; };
		797D8C422500541600704EFA /* libsfml-window.2.5.1.dylib in Frameworks */ = {isa = PBXBuildFile; fileRef = 797D8C3D2500541600704EFA /* libsfml-window.2.5.1.dylib */; };
		797D8C432500541600704EFA /* libsfml-window.2.5.1.dylib in Embed Libraries */ = {isa = PBXBuildFile; fileRef = 797D8C3D2500541600704EFA /* libsfml-window.2.5.1.dylib */; settings = {ATTRIBUTES = (CodeSignOnCopy, ); }; };
		797D8C442500541600704EFA /* libsfml-graphics.2.5.1.dylib in Frameworks */ = {isa = PBXBuildFile; fileRef = 797D8C3E2500541600704EFA /* libsfml-graphics.2.5.1.dylib */; };
		797D8C452500541600704EFA /* libsfml-graphics.2.5.1.dylib in Embed Libraries */ = {isa = PBXBuildFile; fileRef = 797D8C3E2500541600704EFA /* libsfml-graphics.2.5.1.dylib */; settings = {ATTRIBUTES = (CodeSignOnCopy, ); }; };
		797D8C462500541600704EFA /* libsfml-network.2.5.1.dylib in Frameworks */ = {isa = PBXBuildFile; fileRef = 797D8C3F2500541600704EFA /* libsfml-network.2.5.1.dylib */; };
		797D8C472500541600704EFA /* libsfml-network.2.5.1.dylib in Embed Libraries */ = {isa = PBXBuildFile; fileRef = 797D8C3F2500541600704EFA /* libsfml-network.2.5.1.dylib */; settings = {ATTRIBUTES = (CodeSignOnCopy, ); }; };
		797D8C482500541600704EFA /* libsfml-system.2.5.1.dylib in Frameworks */ = {isa = PBXBuildFile; fileRef = 797D8C402500541600704EFA /* libsfml-system.2.5.1.dylib */; };
		797D8C492500541600704EFA /* libsfml-system.2.5.1.dylib in Embed Libraries */ = {isa = PBXBuildFile; fileRef = 797D8C402500541600704EFA /* libsfml-system.2.5.1.dylib */; settings = {ATTRIBUTES = (CodeSignOnCopy, ); }; };
		797D8C4A2500541600704EFA /* libsfml-audio.2.5.1.dylib in Frameworks */ = {isa = PBXBuildFile; fileRef = 797D8C412500541600704EFA /* libsfml-audio.2.5.1.dylib */; };
		797D8C4B2500541600704EFA /* libsfml-audio.2.5.1.dylib in Embed Libraries */ = {isa = PBXBuildFile; fileRef = 797D8C412500541600704EFA /* libsfml-audio.2.5.1.dylib */; settings = {ATTRIBUTES = (CodeSignOnCopy, ); }; };
/* End PBXBuildFile section */

/* Begin PBXCopyFilesBuildPhase section */
		797D8C38250050B000704EFA /* Embed Libraries */ = {
			isa = PBXCopyFilesBuildPhase;
			buildActionMask = 2147483647;
			dstPath = "";
			dstSubfolderSpec = 10;
			files = (
				797D8C472500541600704EFA /* libsfml-network.2.5.1.dylib in Embed Libraries */,
				797D8C492500541600704EFA /* libsfml-system.2.5.1.dylib in Embed Libraries */,
				797D8C432500541600704EFA /* libsfml-window.2.5.1.dylib in Embed Libraries */,
				797D8C452500541600704EFA /* libsfml-graphics.2.5.1.dylib in Embed Libraries */,
				797D8C4B2500541600704EFA /* libsfml-audio.2.5.1.dylib in Embed Libraries */,
			);
			name = "Embed Libraries";
			runOnlyForDeploymentPostprocessing = 0;
		};
/* End PBXCopyFilesBuildPhase section */

/* Begin PBXFileReference section */
		194FCA0215DBF57000AB6EEF /* SplashEffect.app */ = {isa = PBXFileReference; explicitFileType = wrapper.application; includeInIndex = 0; path = SplashEffect.app; sourceTree = BUILT_PRODUCTS_DIR; };
		194FCA0615DBF57000AB6EEF /* Foundation.framework */ = {isa = PBXFileReference; lastKnownFileType = wrapper.framework; name = Foundation.framework; path = System/Library/Frameworks/Foundation.framework; sourceTree = SDKROOT; };
		194FCA0915DBF57000AB6EEF /* main.cpp */ = {isa = PBXFileReference; lastKnownFileType = sourcecode.cpp.cpp; path = main.cpp; sourceTree = "<group>"; };
		194FCA0B15DBF57000AB6EEF /* ResourcePath.mm */ = {isa = PBXFileReference; lastKnownFileType = sourcecode.cpp.objcpp; path = ResourcePath.mm; sourceTree = "<group>"; };
		194FCA0D15DBF57000AB6EEF /* ResourcePath.hpp */ = {isa = PBXFileReference; lastKnownFileType = sourcecode.cpp.h; path = ResourcePath.hpp; sourceTree = "<group>"; };
		194FCA0F15DBF57000AB6EEF /* sansation.ttf */ = {isa = PBXFileReference; lastKnownFileType = file; path = sansation.ttf; sourceTree = "<group>"; };
		194FCA1115DBF57000AB6EEF /* cute_image.jpg */ = {isa = PBXFileReference; lastKnownFileType = image.jpeg; path = cute_image.jpg; sourceTree = "<group>"; };
		194FCA1315DBF57000AB6EEF /* nice_music.ogg */ = {isa = PBXFileReference; lastKnownFileType = file; path = nice_music.ogg; sourceTree = "<group>"; };
		194FCA1615DBF57000AB6EEF /* SplashEffect-Info.plist */ = {isa = PBXFileReference; lastKnownFileType = text.plist.xml; path = "SplashEffect-Info.plist"; sourceTree = "<group>"; };
		194FCA1815DBF57000AB6EEF /* en */ = {isa = PBXFileReference; lastKnownFileType = text.plist.strings; name = en; path = en.lproj/InfoPlist.strings; sourceTree = "<group>"; };
		194FCA2115DBF78D00AB6EEF /* SplashWindow.cpp */ = {isa = PBXFileReference; fileEncoding = 4; lastKnownFileType = sourcecode.cpp.cpp; path = SplashWindow.cpp; sourceTree = "<group>"; };
		194FCA2215DBF78D00AB6EEF /* SplashWindow.h */ = {isa = PBXFileReference; fileEncoding = 4; lastKnownFileType = sourcecode.c.h; path = SplashWindow.h; sourceTree = "<group>"; };
		194FCA2415DBFB9000AB6EEF /* OpenGL.framework */ = {isa = PBXFileReference; lastKnownFileType = wrapper.framework; name = OpenGL.framework; path = System/Library/Frameworks/OpenGL.framework; sourceTree = SDKROOT; };
		194FCA2615DBFCF300AB6EEF /* splash.vertsh */ = {isa = PBXFileReference; explicitFileType = sourcecode.glsl; fileEncoding = 4; path = splash.vertsh; sourceTree = "<group>"; };
		194FCA2815DBFD0C00AB6EEF /* splash.fragsh */ = {isa = PBXFileReference; explicitFileType = sourcecode.glsl; fileEncoding = 4; path = splash.fragsh; sourceTree = "<group>"; };
		195DAFC315DC9468009A9D2F /* particle.fragsh */ = {isa = PBXFileReference; explicitFileType = sourcecode.glsl; fileEncoding = 4; path = particle.fragsh; sourceTree = "<group>"; };
		195DAFC515DC97F4009A9D2F /* Rectangle.cpp */ = {isa = PBXFileReference; fileEncoding = 4; lastKnownFileType = sourcecode.cpp.cpp; path = Rectangle.cpp; sourceTree = "<group>"; };
		195DAFC615DC97F4009A9D2F /* Rectangle.h */ = {isa = PBXFileReference; fileEncoding = 4; lastKnownFileType = sourcecode.c.h; path = Rectangle.h; sourceTree = "<group>"; };
		195DAFC815DC982B009A9D2F /* stdArgs.h */ = {isa = PBXFileReference; lastKnownFileType = sourcecode.c.h; path = stdArgs.h; sourceTree = "<group>"; };
		195DAFC915DC98A7009A9D2F /* Particles.cpp */ = {isa = PBXFileReference; fileEncoding = 4; lastKnownFileType = sourcecode.cpp.cpp; path = Particles.cpp; sourceTree = "<group>"; };
		195DAFCA15DC98A7009A9D2F /* Particles.h */ = {isa = PBXFileReference; fileEncoding = 4; lastKnownFileType = sourcecode.c.h; path = Particles.h; sourceTree = "<group>"; };
		195DAFCC15DC9DB5009A9D2F /* RenderObject.cpp */ = {isa = PBXFileReference; fileEncoding = 4; lastKnownFileType = sourcecode.cpp.cpp; path = RenderObject.cpp; sourceTree = "<group>"; };
		195DAFCD15DC9DB5009A9D2F /* RenderObject.h */ = {isa = PBXFileReference; fileEncoding = 4; lastKnownFileType = sourcecode.c.h; path = RenderObject.h; sourceTree = "<group>"; };
		195DAFCF15DCA2BE009A9D2F /* particle.vertsh */ = {isa = PBXFileReference; explicitFileType = sourcecode.glsl; fileEncoding = 4; path = particle.vertsh; sourceTree = "<group>"; };
		195DAFD515DCA76B009A9D2F /* Droplet.png */ = {isa = PBXFileReference; lastKnownFileType = image.png; path = Droplet.png; sourceTree = "<group>"; };
		797D8C2825004EDD00704EFA /* libsfml-network.2.5.1.dylib */ = {isa = PBXFileReference; lastKnownFileType = "compiled.mach-o.dylib"; name = "libsfml-network.2.5.1.dylib"; path = "Externals/SFML/lib/libsfml-network.2.5.1.dylib"; sourceTree = "<group>"; };
		797D8C2925004EDD00704EFA /* libsfml-system.2.5.1.dylib */ = {isa = PBXFileReference; lastKnownFileType = "compiled.mach-o.dylib"; name = "libsfml-system.2.5.1.dylib"; path = "Externals/SFML/lib/libsfml-system.2.5.1.dylib"; sourceTree = "<group>"; };
		797D8C2A25004EDD00704EFA /* libsfml-graphics.2.5.1.dylib */ = {isa = PBXFileReference; lastKnownFileType = "compiled.mach-o.dylib"; name = "libsfml-graphics.2.5.1.dylib"; path = "Externals/SFML/lib/libsfml-graphics.2.5.1.dylib"; sourceTree = "<group>"; };
		797D8C2B25004EDD00704EFA /* libsfml-audio.2.5.1.dylib */ = {isa = PBXFileReference; lastKnownFileType = "compiled.mach-o.dylib"; name = "libsfml-audio.2.5.1.dylib"; path = "Externals/SFML/lib/libsfml-audio.2.5.1.dylib"; sourceTree = "<group>"; };
		797D8C2C25004EDD00704EFA /* libsfml-window.2.5.1.dylib */ = {isa = PBXFileReference; lastKnownFileType = "compiled.mach-o.dylib"; name = "libsfml-window.2.5.1.dylib"; path = "Externals/SFML/lib/libsfml-window.2.5.1.dylib"; sourceTree = "<group>"; };
		797D8C3D2500541600704EFA /* libsfml-window.2.5.1.dylib */ = {isa = PBXFileReference; lastKnownFileType = "compiled.mach-o.dylib"; name = "libsfml-window.2.5.1.dylib"; path = "../../../../../usr/local/Cellar/sfml/2.5.1/lib/libsfml-window.2.5.1.dylib"; sourceTree = "<group>"; };
		797D8C3E2500541600704EFA /* libsfml-graphics.2.5.1.dylib */ = {isa = PBXFileReference; lastKnownFileType = "compiled.mach-o.dylib"; name = "libsfml-graphics.2.5.1.dylib"; path = "../../../../../usr/local/Cellar/sfml/2.5.1/lib/libsfml-graphics.2.5.1.dylib"; sourceTree = "<group>"; };
		797D8C3F2500541600704EFA /* libsfml-network.2.5.1.dylib */ = {isa = PBXFileReference; lastKnownFileType = "compiled.mach-o.dylib"; name = "libsfml-network.2.5.1.dylib"; path = "../../../../../usr/local/Cellar/sfml/2.5.1/lib/libsfml-network.2.5.1.dylib"; sourceTree = "<group>"; };
		797D8C402500541600704EFA /* libsfml-system.2.5.1.dylib */ = {isa = PBXFileReference; lastKnownFileType = "compiled.mach-o.dylib"; name = "libsfml-system.2.5.1.dylib"; path = "../../../../../usr/local/Cellar/sfml/2.5.1/lib/libsfml-system.2.5.1.dylib"; sourceTree = "<group>"; };
		797D8C412500541600704EFA /* libsfml-audio.2.5.1.dylib */ = {isa = PBXFileReference; lastKnownFileType = "compiled.mach-o.dylib"; name = "libsfml-audio.2.5.1.dylib"; path = "../../../../../usr/local/Cellar/sfml/2.5.1/lib/libsfml-audio.2.5.1.dylib"; sourceTree = "<group>"; };
		797D8C4C2500546300704EFA /* README.md */ = {isa = PBXFileReference; lastKnownFileType = net.daringfireball.markdown; path = README.md; sourceTree = "<group>"; };
/* End PBXFileReference section */

/* Begin PBXFrameworksBuildPhase section */
		194FC9FF15DBF57000AB6EEF /* Frameworks */ = {
			isa = PBXFrameworksBuildPhase;
			buildActionMask = 2147483647;
			files = (
				797D8C422500541600704EFA /* libsfml-window.2.5.1.dylib in Frameworks */,
				797D8C4A2500541600704EFA /* libsfml-audio.2.5.1.dylib in Frameworks */,
				797D8C462500541600704EFA /* libsfml-network.2.5.1.dylib in Frameworks */,
				194FCA2515DBFB9000AB6EEF /* OpenGL.framework in Frameworks */,
				797D8C482500541600704EFA /* libsfml-system.2.5.1.dylib in Frameworks */,
				194FCA0715DBF57000AB6EEF /* Foundation.framework in Frameworks */,
				797D8C442500541600704EFA /* libsfml-graphics.2.5.1.dylib in Frameworks */,
			);
			runOnlyForDeploymentPostprocessing = 0;
		};
/* End PBXFrameworksBuildPhase section */

/* Begin PBXGroup section */
		194FC9F615DBF57000AB6EEF = {
			isa = PBXGroup;
			children = (
				797D8C4C2500546300704EFA /* README.md */,
				194FCA2415DBFB9000AB6EEF /* OpenGL.framework */,
				194FCA0815DBF57000AB6EEF /* SplashEffect */,
				194FCA0515DBF57000AB6EEF /* Frameworks */,
				194FCA0315DBF57000AB6EEF /* Products */,
			);
			sourceTree = "<group>";
		};
		194FCA0315DBF57000AB6EEF /* Products */ = {
			isa = PBXGroup;
			children = (
				194FCA0215DBF57000AB6EEF /* SplashEffect.app */,
			);
			name = Products;
			sourceTree = "<group>";
		};
		194FCA0515DBF57000AB6EEF /* Frameworks */ = {
			isa = PBXGroup;
			children = (
				797D8C2B25004EDD00704EFA /* libsfml-audio.2.5.1.dylib */,
				797D8C412500541600704EFA /* libsfml-audio.2.5.1.dylib */,
				797D8C2A25004EDD00704EFA /* libsfml-graphics.2.5.1.dylib */,
				797D8C2825004EDD00704EFA /* libsfml-network.2.5.1.dylib */,
				797D8C2925004EDD00704EFA /* libsfml-system.2.5.1.dylib */,
				797D8C3E2500541600704EFA /* libsfml-graphics.2.5.1.dylib */,
				797D8C3F2500541600704EFA /* libsfml-network.2.5.1.dylib */,
				797D8C402500541600704EFA /* libsfml-system.2.5.1.dylib */,
				797D8C2C25004EDD00704EFA /* libsfml-window.2.5.1.dylib */,
				797D8C3D2500541600704EFA /* libsfml-window.2.5.1.dylib */,
				194FCA0615DBF57000AB6EEF /* Foundation.framework */,
			);
			name = Frameworks;
			sourceTree = "<group>";
		};
		194FCA0815DBF57000AB6EEF /* SplashEffect */ = {
			isa = PBXGroup;
			children = (
				195DAFC815DC982B009A9D2F /* stdArgs.h */,
				194FCA0915DBF57000AB6EEF /* main.cpp */,
				194FCA0B15DBF57000AB6EEF /* ResourcePath.mm */,
				194FCA0D15DBF57000AB6EEF /* ResourcePath.hpp */,
				194FCA2115DBF78D00AB6EEF /* SplashWindow.cpp */,
				194FCA2215DBF78D00AB6EEF /* SplashWindow.h */,
				195DAFCC15DC9DB5009A9D2F /* RenderObject.cpp */,
				195DAFCD15DC9DB5009A9D2F /* RenderObject.h */,
				195DAFC515DC97F4009A9D2F /* Rectangle.cpp */,
				195DAFC615DC97F4009A9D2F /* Rectangle.h */,
				195DAFC915DC98A7009A9D2F /* Particles.cpp */,
				195DAFCA15DC98A7009A9D2F /* Particles.h */,
				194FCA2615DBFCF300AB6EEF /* splash.vertsh */,
				194FCA2815DBFD0C00AB6EEF /* splash.fragsh */,
				195DAFC315DC9468009A9D2F /* particle.fragsh */,
				195DAFCF15DCA2BE009A9D2F /* particle.vertsh */,
				194FCA0E15DBF57000AB6EEF /* Resources */,
				194FCA1515DBF57000AB6EEF /* Supporting Files */,
			);
			path = SplashEffect;
			sourceTree = "<group>";
		};
		194FCA0E15DBF57000AB6EEF /* Resources */ = {
			isa = PBXGroup;
			children = (
				195DAFD515DCA76B009A9D2F /* Droplet.png */,
				194FCA0F15DBF57000AB6EEF /* sansation.ttf */,
				194FCA1115DBF57000AB6EEF /* cute_image.jpg */,
				194FCA1315DBF57000AB6EEF /* nice_music.ogg */,
			);
			name = Resources;
			sourceTree = "<group>";
		};
		194FCA1515DBF57000AB6EEF /* Supporting Files */ = {
			isa = PBXGroup;
			children = (
				194FCA1615DBF57000AB6EEF /* SplashEffect-Info.plist */,
				194FCA1715DBF57000AB6EEF /* InfoPlist.strings */,
			);
			name = "Supporting Files";
			sourceTree = "<group>";
		};
/* End PBXGroup section */

/* Begin PBXNativeTarget section */
		194FCA0115DBF57000AB6EEF /* SplashEffect */ = {
			isa = PBXNativeTarget;
			buildConfigurationList = 194FCA1C15DBF57000AB6EEF /* Build configuration list for PBXNativeTarget "SplashEffect" */;
			buildPhases = (
				194FC9FE15DBF57000AB6EEF /* Sources */,
				194FC9FF15DBF57000AB6EEF /* Frameworks */,
				194FCA0015DBF57000AB6EEF /* Resources */,
				797D8C38250050B000704EFA /* Embed Libraries */,
			);
			buildRules = (
			);
			dependencies = (
			);
			name = SplashEffect;
			productName = SplashEffect;
			productReference = 194FCA0215DBF57000AB6EEF /* SplashEffect.app */;
			productType = "com.apple.product-type.application";
		};
/* End PBXNativeTarget section */

/* Begin PBXProject section */
		194FC9F815DBF57000AB6EEF /* Project object */ = {
			isa = PBXProject;
			attributes = {
				LastUpgradeCheck = 0440;
				ORGANIZATIONNAME = whackylabs;
			};
			buildConfigurationList = 194FC9FB15DBF57000AB6EEF /* Build configuration list for PBXProject "SplashEffect" */;
			compatibilityVersion = "Xcode 3.2";
			developmentRegion = English;
			hasScannedForEncodings = 0;
			knownRegions = (
				English,
				en,
			);
			mainGroup = 194FC9F615DBF57000AB6EEF;
			productRefGroup = 194FCA0315DBF57000AB6EEF /* Products */;
			projectDirPath = "";
			projectRoot = "";
			targets = (
				194FCA0115DBF57000AB6EEF /* SplashEffect */,
			);
		};
/* End PBXProject section */

/* Begin PBXResourcesBuildPhase section */
		194FCA0015DBF57000AB6EEF /* Resources */ = {
			isa = PBXResourcesBuildPhase;
			buildActionMask = 2147483647;
			files = (
				194FCA1015DBF57000AB6EEF /* sansation.ttf in Resources */,
				194FCA1215DBF57000AB6EEF /* cute_image.jpg in Resources */,
				194FCA1415DBF57000AB6EEF /* nice_music.ogg in Resources */,
				194FCA1915DBF57000AB6EEF /* InfoPlist.strings in Resources */,
				194FCA2715DBFCF300AB6EEF /* splash.vertsh in Resources */,
				194FCA2915DBFD0C00AB6EEF /* splash.fragsh in Resources */,
				195DAFC415DC9468009A9D2F /* particle.fragsh in Resources */,
				195DAFD015DCA2BE009A9D2F /* particle.vertsh in Resources */,
				195DAFD615DCA76B009A9D2F /* Droplet.png in Resources */,
			);
			runOnlyForDeploymentPostprocessing = 0;
		};
/* End PBXResourcesBuildPhase section */

/* Begin PBXSourcesBuildPhase section */
		194FC9FE15DBF57000AB6EEF /* Sources */ = {
			isa = PBXSourcesBuildPhase;
			buildActionMask = 2147483647;
			files = (
				195DAFD715DCB17E009A9D2F /* Rectangle.cpp in Sources */,
				194FCA0A15DBF57000AB6EEF /* main.cpp in Sources */,
				194FCA0C15DBF57000AB6EEF /* ResourcePath.mm in Sources */,
				194FCA2315DBF78D00AB6EEF /* SplashWindow.cpp in Sources */,
				195DAFCB15DC98A7009A9D2F /* Particles.cpp in Sources */,
				195DAFCE15DC9DB5009A9D2F /* RenderObject.cpp in Sources */,
			);
			runOnlyForDeploymentPostprocessing = 0;
		};
/* End PBXSourcesBuildPhase section */

/* Begin PBXVariantGroup section */
		194FCA1715DBF57000AB6EEF /* InfoPlist.strings */ = {
			isa = PBXVariantGroup;
			children = (
				194FCA1815DBF57000AB6EEF /* en */,
			);
			name = InfoPlist.strings;
			sourceTree = "<group>";
		};
/* End PBXVariantGroup section */

/* Begin XCBuildConfiguration section */
		194FCA1A15DBF57000AB6EEF /* Debug */ = {
			isa = XCBuildConfiguration;
			buildSettings = {
				ALWAYS_SEARCH_USER_PATHS = NO;
				ARCHS = "$(ARCHS_STANDARD_64_BIT)";
				CLANG_CXX_LANGUAGE_STANDARD = "gnu++0x";
				CLANG_ENABLE_OBJC_ARC = "";
				CLANG_WARN__DUPLICATE_METHOD_MATCH = YES;
				COPY_PHASE_STRIP = NO;
				GCC_C_LANGUAGE_STANDARD = gnu99;
				GCC_DYNAMIC_NO_PIC = NO;
				GCC_ENABLE_OBJC_EXCEPTIONS = YES;
				GCC_OPTIMIZATION_LEVEL = 0;
				GCC_PREPROCESSOR_DEFINITIONS = (
					"DEBUG=1",
					"$(inherited)",
				);
				GCC_SYMBOLS_PRIVATE_EXTERN = NO;
				GCC_WARN_64_TO_32_BIT_CONVERSION = YES;
				GCC_WARN_ABOUT_RETURN_TYPE = YES;
				GCC_WARN_UNINITIALIZED_AUTOS = YES;
				GCC_WARN_UNUSED_VARIABLE = YES;
				HEADER_SEARCH_PATHS = "$(HEADER_SEARCH_PATHS)";
				MACOSX_DEPLOYMENT_TARGET = 10.13;
				ONLY_ACTIVE_ARCH = YES;
				PRODUCT_NAME = "$(TARGET_NAME)";
				SDKROOT = macosx;
			};
			name = Debug;
		};
		194FCA1B15DBF57000AB6EEF /* Release */ = {
			isa = XCBuildConfiguration;
			buildSettings = {
				ALWAYS_SEARCH_USER_PATHS = NO;
				ARCHS = "$(ARCHS_STANDARD_64_BIT)";
				CLANG_CXX_LANGUAGE_STANDARD = "gnu++0x";
				CLANG_ENABLE_OBJC_ARC = "";
				CLANG_WARN__DUPLICATE_METHOD_MATCH = YES;
				COPY_PHASE_STRIP = YES;
				DEBUG_INFORMATION_FORMAT = "dwarf-with-dsym";
				GCC_C_LANGUAGE_STANDARD = gnu99;
				GCC_ENABLE_OBJC_EXCEPTIONS = YES;
				GCC_WARN_64_TO_32_BIT_CONVERSION = YES;
				GCC_WARN_ABOUT_RETURN_TYPE = YES;
				GCC_WARN_UNINITIALIZED_AUTOS = YES;
				GCC_WARN_UNUSED_VARIABLE = YES;
				HEADER_SEARCH_PATHS = "$(HEADER_SEARCH_PATHS)";
				MACOSX_DEPLOYMENT_TARGET = 10.13;
				PRODUCT_NAME = "$(TARGET_NAME)";
				SDKROOT = macosx;
			};
			name = Release;
		};
		194FCA1D15DBF57000AB6EEF /* Debug */ = {
			isa = XCBuildConfiguration;
			buildSettings = {
				ARCHS = "$(ARCHS_STANDARD)";
				COPY_PHASE_STRIP = NO;
				GCC_DYNAMIC_NO_PIC = NO;
				GCC_PRECOMPILE_PREFIX_HEADER = NO;
				GCC_PREFIX_HEADER = "";
				HEADER_SEARCH_PATHS = (
					"$(HEADER_SEARCH_PATHS)",
					/usr/local/Cellar/sfml/2.5.1/include,
				);
				INFOPLIST_FILE = "SplashEffect/SplashEffect-Info.plist";
				LIBRARY_SEARCH_PATHS = (
					"$(inherited)",
					/usr/local/Cellar/sfml/2.5.1/lib,
				);
				PRODUCT_NAME = "$(TARGET_NAME)";
				WRAPPER_EXTENSION = app;
			};
			name = Debug;
		};
		194FCA1E15DBF57000AB6EEF /* Release */ = {
			isa = XCBuildConfiguration;
			buildSettings = {
				ARCHS = "$(ARCHS_STANDARD)";
				COPY_PHASE_STRIP = YES;
				GCC_PRECOMPILE_PREFIX_HEADER = NO;
				GCC_PREFIX_HEADER = "";
				HEADER_SEARCH_PATHS = (
					"$(HEADER_SEARCH_PATHS)",
					/usr/local/Cellar/sfml/2.5.1/include,
				);
				INFOPLIST_FILE = "SplashEffect/SplashEffect-Info.plist";
				LIBRARY_SEARCH_PATHS = (
					"$(inherited)",
					/usr/local/Cellar/sfml/2.5.1/lib,
				);
				PRODUCT_NAME = "$(TARGET_NAME)";
				WRAPPER_EXTENSION = app;
			};
			name = Release;
		};
/* End XCBuildConfiguration section */

/* Begin XCConfigurationList section */
		194FC9FB15DBF57000AB6EEF /* Build configuration list for PBXProject "SplashEffect" */ = {
			isa = XCConfigurationList;
			buildConfigurations = (
				194FCA1A15DBF57000AB6EEF /* Debug */,
				194FCA1B15DBF57000AB6EEF /* Release */,
			);
			defaultConfigurationIsVisible = 0;
			defaultConfigurationName = Release;
		};
		194FCA1C15DBF57000AB6EEF /* Build configuration list for PBXNativeTarget "SplashEffect" */ = {
			isa = XCConfigurationList;
			buildConfigurations = (
				194FCA1D15DBF57000AB6EEF /* Debug */,
				194FCA1E15DBF57000AB6EEF /* Release */,
			);
			defaultConfigurationIsVisible = 0;
			defaultConfigurationName = Release;
		};
/* End XCConfigurationList section */
	};
	rootObject = 194FC9F815DBF57000AB6EEF /* Project object */;
}
